// !$*UTF8*$!
{
	archiveVersion = 1;
	classes = {
	};
	objectVersion = 51;
	objects = {

/* Begin PBXBuildFile section */
		02177CA4253C56C200231064 /* AppDelegate.swift in Sources */ = {isa = PBXBuildFile; fileRef = 02177CA3253C56C200231064 /* AppDelegate.swift */; };
		02177CA6253C56C200231064 /* SceneDelegate.swift in Sources */ = {isa = PBXBuildFile; fileRef = 02177CA5253C56C200231064 /* SceneDelegate.swift */; };
		02177CA8253C56C200231064 /* Validation.swift in Sources */ = {isa = PBXBuildFile; fileRef = 02177CA7253C56C200231064 /* Validation.swift */; };
		02177CAB253C56C200231064 /* Main.storyboard in Resources */ = {isa = PBXBuildFile; fileRef = 02177CA9253C56C200231064 /* Main.storyboard */; };
		02177CAD253C56C500231064 /* Assets.xcassets in Resources */ = {isa = PBXBuildFile; fileRef = 02177CAC253C56C500231064 /* Assets.xcassets */; };
		02177CB0253C56C500231064 /* LaunchScreen.storyboard in Resources */ = {isa = PBXBuildFile; fileRef = 02177CAE253C56C500231064 /* LaunchScreen.storyboard */; };
		02177CBB253C56C500231064 /* ReplaceOccurencesTests.swift in Sources */ = {isa = PBXBuildFile; fileRef = 02177CBA253C56C500231064 /* ReplaceOccurencesTests.swift */; };
		02177CC6253C56C500231064 /* Unitest_iOSUITests.swift in Sources */ = {isa = PBXBuildFile; fileRef = 02177CC5253C56C500231064 /* Unitest_iOSUITests.swift */; };
		3578ECFC3C82DA9C0337EC16 /* Pods_Unitest_iOS_Unitest_iOSUITests.framework in Frameworks */ = {isa = PBXBuildFile; fileRef = 74442C3443D1E2CB941AD56E /* Pods_Unitest_iOS_Unitest_iOSUITests.framework */; };
		B2B23EB629854125CA5F6DE2 /* Pods_Unitest_iOS.framework in Frameworks */ = {isa = PBXBuildFile; fileRef = 1627C23F3FED5EACD3AA2930 /* Pods_Unitest_iOS.framework */; };
		D1B8F72FD7A709BD88F6A49C /* Pods_Unitest_iOSTests.framework in Frameworks */ = {isa = PBXBuildFile; fileRef = 0951BD6376BA471717F5C879 /* Pods_Unitest_iOSTests.framework */; };
/* End PBXBuildFile section */

/* Begin PBXContainerItemProxy section */
		02177CB7253C56C500231064 /* PBXContainerItemProxy */ = {
			isa = PBXContainerItemProxy;
			containerPortal = 02177C98253C56C200231064 /* Project object */;
			proxyType = 1;
			remoteGlobalIDString = 02177C9F253C56C200231064;
			remoteInfo = "Unitest iOS";
		};
		02177CC2253C56C500231064 /* PBXContainerItemProxy */ = {
			isa = PBXContainerItemProxy;
			containerPortal = 02177C98253C56C200231064 /* Project object */;
			proxyType = 1;
			remoteGlobalIDString = 02177C9F253C56C200231064;
			remoteInfo = "Unitest iOS";
		};
/* End PBXContainerItemProxy section */

/* Begin PBXFileReference section */
		02177CA0253C56C200231064 /* Unitest iOS.app */ = {isa = PBXFileReference; explicitFileType = wrapper.application; includeInIndex = 0; path = "Unitest iOS.app"; sourceTree = BUILT_PRODUCTS_DIR; };
		02177CA3253C56C200231064 /* AppDelegate.swift */ = {isa = PBXFileReference; lastKnownFileType = sourcecode.swift; path = AppDelegate.swift; sourceTree = "<group>"; };
		02177CA5253C56C200231064 /* SceneDelegate.swift */ = {isa = PBXFileReference; lastKnownFileType = sourcecode.swift; path = SceneDelegate.swift; sourceTree = "<group>"; };
		02177CA7253C56C200231064 /* Validation.swift */ = {isa = PBXFileReference; lastKnownFileType = sourcecode.swift; path = Validation.swift; sourceTree = "<group>"; };
		02177CAA253C56C200231064 /* Base */ = {isa = PBXFileReference; lastKnownFileType = file.storyboard; name = Base; path = Base.lproj/Main.storyboard; sourceTree = "<group>"; };
		02177CAC253C56C500231064 /* Assets.xcassets */ = {isa = PBXFileReference; lastKnownFileType = folder.assetcatalog; path = Assets.xcassets; sourceTree = "<group>"; };
		02177CAF253C56C500231064 /* Base */ = {isa = PBXFileReference; lastKnownFileType = file.storyboard; name = Base; path = Base.lproj/LaunchScreen.storyboard; sourceTree = "<group>"; };
		02177CB1253C56C500231064 /* Info.plist */ = {isa = PBXFileReference; lastKnownFileType = text.plist.xml; path = Info.plist; sourceTree = "<group>"; };
		02177CB6253C56C500231064 /* Unitest iOSTests.xctest */ = {isa = PBXFileReference; explicitFileType = wrapper.cfbundle; includeInIndex = 0; path = "Unitest iOSTests.xctest"; sourceTree = BUILT_PRODUCTS_DIR; };
		02177CBA253C56C500231064 /* ReplaceOccurencesTests.swift */ = {isa = PBXFileReference; lastKnownFileType = sourcecode.swift; path = ReplaceOccurencesTests.swift; sourceTree = "<group>"; };
		02177CBC253C56C500231064 /* Info.plist */ = {isa = PBXFileReference; lastKnownFileType = text.plist.xml; path = Info.plist; sourceTree = "<group>"; };
		02177CC1253C56C500231064 /* Unitest iOSUITests.xctest */ = {isa = PBXFileReference; explicitFileType = wrapper.cfbundle; includeInIndex = 0; path = "Unitest iOSUITests.xctest"; sourceTree = BUILT_PRODUCTS_DIR; };
		02177CC5253C56C500231064 /* Unitest_iOSUITests.swift */ = {isa = PBXFileReference; lastKnownFileType = sourcecode.swift; path = Unitest_iOSUITests.swift; sourceTree = "<group>"; };
		02177CC7253C56C500231064 /* Info.plist */ = {isa = PBXFileReference; lastKnownFileType = text.plist.xml; path = Info.plist; sourceTree = "<group>"; };
		07D545FFDD48297E075725A7 /* Pods-Unitest iOSTests.release.xcconfig */ = {isa = PBXFileReference; includeInIndex = 1; lastKnownFileType = text.xcconfig; name = "Pods-Unitest iOSTests.release.xcconfig"; path = "Target Support Files/Pods-Unitest iOSTests/Pods-Unitest iOSTests.release.xcconfig"; sourceTree = "<group>"; };
		0951BD6376BA471717F5C879 /* Pods_Unitest_iOSTests.framework */ = {isa = PBXFileReference; explicitFileType = wrapper.framework; includeInIndex = 0; path = Pods_Unitest_iOSTests.framework; sourceTree = BUILT_PRODUCTS_DIR; };
		1627C23F3FED5EACD3AA2930 /* Pods_Unitest_iOS.framework */ = {isa = PBXFileReference; explicitFileType = wrapper.framework; includeInIndex = 0; path = Pods_Unitest_iOS.framework; sourceTree = BUILT_PRODUCTS_DIR; };
		6D6E07B873BE749FE35810AF /* Pods-Unitest iOS.debug.xcconfig */ = {isa = PBXFileReference; includeInIndex = 1; lastKnownFileType = text.xcconfig; name = "Pods-Unitest iOS.debug.xcconfig"; path = "Target Support Files/Pods-Unitest iOS/Pods-Unitest iOS.debug.xcconfig"; sourceTree = "<group>"; };
		74442C3443D1E2CB941AD56E /* Pods_Unitest_iOS_Unitest_iOSUITests.framework */ = {isa = PBXFileReference; explicitFileType = wrapper.framework; includeInIndex = 0; path = Pods_Unitest_iOS_Unitest_iOSUITests.framework; sourceTree = BUILT_PRODUCTS_DIR; };
		794ED45CC85CCC18FA6A44BC /* Pods-Unitest iOS.release.xcconfig */ = {isa = PBXFileReference; includeInIndex = 1; lastKnownFileType = text.xcconfig; name = "Pods-Unitest iOS.release.xcconfig"; path = "Target Support Files/Pods-Unitest iOS/Pods-Unitest iOS.release.xcconfig"; sourceTree = "<group>"; };
		93B9D971A339CEB55C1F4D87 /* Pods-Unitest iOS-Unitest iOSUITests.release.xcconfig */ = {isa = PBXFileReference; includeInIndex = 1; lastKnownFileType = text.xcconfig; name = "Pods-Unitest iOS-Unitest iOSUITests.release.xcconfig"; path = "Target Support Files/Pods-Unitest iOS-Unitest iOSUITests/Pods-Unitest iOS-Unitest iOSUITests.release.xcconfig"; sourceTree = "<group>"; };
		A75820F49B40C65430EBFF41 /* Pods-Unitest iOS-Unitest iOSUITests.debug.xcconfig */ = {isa = PBXFileReference; includeInIndex = 1; lastKnownFileType = text.xcconfig; name = "Pods-Unitest iOS-Unitest iOSUITests.debug.xcconfig"; path = "Target Support Files/Pods-Unitest iOS-Unitest iOSUITests/Pods-Unitest iOS-Unitest iOSUITests.debug.xcconfig"; sourceTree = "<group>"; };
		B9345EEE6FC12886B1FD3390 /* Pods-Unitest iOSTests.debug.xcconfig */ = {isa = PBXFileReference; includeInIndex = 1; lastKnownFileType = text.xcconfig; name = "Pods-Unitest iOSTests.debug.xcconfig"; path = "Target Support Files/Pods-Unitest iOSTests/Pods-Unitest iOSTests.debug.xcconfig"; sourceTree = "<group>"; };
/* End PBXFileReference section */

/* Begin PBXFrameworksBuildPhase section */
		02177C9D253C56C200231064 /* Frameworks */ = {
			isa = PBXFrameworksBuildPhase;
			buildActionMask = 2147483647;
			files = (
				B2B23EB629854125CA5F6DE2 /* Pods_Unitest_iOS.framework in Frameworks */,
			);
			runOnlyForDeploymentPostprocessing = 0;
		};
		02177CB3253C56C500231064 /* Frameworks */ = {
			isa = PBXFrameworksBuildPhase;
			buildActionMask = 2147483647;
			files = (
				D1B8F72FD7A709BD88F6A49C /* Pods_Unitest_iOSTests.framework in Frameworks */,
			);
			runOnlyForDeploymentPostprocessing = 0;
		};
		02177CBE253C56C500231064 /* Frameworks */ = {
			isa = PBXFrameworksBuildPhase;
			buildActionMask = 2147483647;
			files = (
				3578ECFC3C82DA9C0337EC16 /* Pods_Unitest_iOS_Unitest_iOSUITests.framework in Frameworks */,
			);
			runOnlyForDeploymentPostprocessing = 0;
		};
/* End PBXFrameworksBuildPhase section */

/* Begin PBXGroup section */
		02177C97253C56C200231064 = {
			isa = PBXGroup;
			children = (
				02177CA2253C56C200231064 /* Unitest iOS */,
				02177CB9253C56C500231064 /* Unitest iOSTests */,
				02177CC4253C56C500231064 /* Unitest iOSUITests */,
				02177CA1253C56C200231064 /* Products */,
				471748519045DD0C8A751A0E /* Pods */,
				D69F3C16EEB933D7A88593D9 /* Frameworks */,
			);
			sourceTree = "<group>";
		};
		02177CA1253C56C200231064 /* Products */ = {
			isa = PBXGroup;
			children = (
				02177CA0253C56C200231064 /* Unitest iOS.app */,
				02177CB6253C56C500231064 /* Unitest iOSTests.xctest */,
				02177CC1253C56C500231064 /* Unitest iOSUITests.xctest */,
			);
			name = Products;
			sourceTree = "<group>";
		};
		02177CA2253C56C200231064 /* Unitest iOS */ = {
			isa = PBXGroup;
			children = (
				02177CA3253C56C200231064 /* AppDelegate.swift */,
				02177CA5253C56C200231064 /* SceneDelegate.swift */,
				02177CA7253C56C200231064 /* Validation.swift */,
				02177CA9253C56C200231064 /* Main.storyboard */,
				02177CAC253C56C500231064 /* Assets.xcassets */,
				02177CAE253C56C500231064 /* LaunchScreen.storyboard */,
				02177CB1253C56C500231064 /* Info.plist */,
			);
			path = "Unitest iOS";
			sourceTree = "<group>";
		};
		02177CB9253C56C500231064 /* Unitest iOSTests */ = {
			isa = PBXGroup;
			children = (
				02177CBA253C56C500231064 /* ReplaceOccurencesTests.swift */,
				02177CBC253C56C500231064 /* Info.plist */,
			);
			path = "Unitest iOSTests";
			sourceTree = "<group>";
		};
		02177CC4253C56C500231064 /* Unitest iOSUITests */ = {
			isa = PBXGroup;
			children = (
				02177CC5253C56C500231064 /* Unitest_iOSUITests.swift */,
				02177CC7253C56C500231064 /* Info.plist */,
			);
			path = "Unitest iOSUITests";
			sourceTree = "<group>";
		};
		471748519045DD0C8A751A0E /* Pods */ = {
			isa = PBXGroup;
			children = (
				6D6E07B873BE749FE35810AF /* Pods-Unitest iOS.debug.xcconfig */,
				794ED45CC85CCC18FA6A44BC /* Pods-Unitest iOS.release.xcconfig */,
				A75820F49B40C65430EBFF41 /* Pods-Unitest iOS-Unitest iOSUITests.debug.xcconfig */,
				93B9D971A339CEB55C1F4D87 /* Pods-Unitest iOS-Unitest iOSUITests.release.xcconfig */,
				B9345EEE6FC12886B1FD3390 /* Pods-Unitest iOSTests.debug.xcconfig */,
				07D545FFDD48297E075725A7 /* Pods-Unitest iOSTests.release.xcconfig */,
			);
			path = Pods;
			sourceTree = "<group>";
		};
		D69F3C16EEB933D7A88593D9 /* Frameworks */ = {
			isa = PBXGroup;
			children = (
				1627C23F3FED5EACD3AA2930 /* Pods_Unitest_iOS.framework */,
				74442C3443D1E2CB941AD56E /* Pods_Unitest_iOS_Unitest_iOSUITests.framework */,
				0951BD6376BA471717F5C879 /* Pods_Unitest_iOSTests.framework */,
			);
			name = Frameworks;
			sourceTree = "<group>";
		};
/* End PBXGroup section */

/* Begin PBXNativeTarget section */
		02177C9F253C56C200231064 /* Unitest iOS */ = {
			isa = PBXNativeTarget;
			buildConfigurationList = 02177CCA253C56C500231064 /* Build configuration list for PBXNativeTarget "Unitest iOS" */;
			buildPhases = (
				25F33AEE8FB8B70999535F49 /* [CP] Check Pods Manifest.lock */,
				02177C9C253C56C200231064 /* Sources */,
				02177C9D253C56C200231064 /* Frameworks */,
				02177C9E253C56C200231064 /* Resources */,
			);
			buildRules = (
			);
			dependencies = (
			);
			name = "Unitest iOS";
			productName = "Unitest iOS";
			productReference = 02177CA0253C56C200231064 /* Unitest iOS.app */;
			productType = "com.apple.product-type.application";
		};
		02177CB5253C56C500231064 /* Unitest iOSTests */ = {
			isa = PBXNativeTarget;
			buildConfigurationList = 02177CCD253C56C500231064 /* Build configuration list for PBXNativeTarget "Unitest iOSTests" */;
			buildPhases = (
				63B98F8CF309E2D89FC692BB /* [CP] Check Pods Manifest.lock */,
				02177CB2253C56C500231064 /* Sources */,
				02177CB3253C56C500231064 /* Frameworks */,
				02177CB4253C56C500231064 /* Resources */,
				4E1CC4C3C18CB8E77218C26A /* [CP] Embed Pods Frameworks */,
			);
			buildRules = (
			);
			dependencies = (
				02177CB8253C56C500231064 /* PBXTargetDependency */,
			);
			name = "Unitest iOSTests";
			productName = "Unitest iOSTests";
			productReference = 02177CB6253C56C500231064 /* Unitest iOSTests.xctest */;
			productType = "com.apple.product-type.bundle.unit-test";
		};
		02177CC0253C56C500231064 /* Unitest iOSUITests */ = {
			isa = PBXNativeTarget;
			buildConfigurationList = 02177CD0253C56C500231064 /* Build configuration list for PBXNativeTarget "Unitest iOSUITests" */;
			buildPhases = (
				547C981DDB4DCA258BF7E25E /* [CP] Check Pods Manifest.lock */,
				02177CBD253C56C500231064 /* Sources */,
				02177CBE253C56C500231064 /* Frameworks */,
				02177CBF253C56C500231064 /* Resources */,
			);
			buildRules = (
			);
			dependencies = (
				02177CC3253C56C500231064 /* PBXTargetDependency */,
			);
			name = "Unitest iOSUITests";
			productName = "Unitest iOSUITests";
			productReference = 02177CC1253C56C500231064 /* Unitest iOSUITests.xctest */;
			productType = "com.apple.product-type.bundle.ui-testing";
		};
/* End PBXNativeTarget section */

/* Begin PBXProject section */
		02177C98253C56C200231064 /* Project object */ = {
			isa = PBXProject;
			attributes = {
				LastSwiftUpdateCheck = 1200;
				LastUpgradeCheck = 1200;
				TargetAttributes = {
					02177C9F253C56C200231064 = {
						CreatedOnToolsVersion = 12.0.1;
					};
					02177CB5253C56C500231064 = {
						CreatedOnToolsVersion = 12.0.1;
						TestTargetID = 02177C9F253C56C200231064;
					};
					02177CC0253C56C500231064 = {
						CreatedOnToolsVersion = 12.0.1;
						TestTargetID = 02177C9F253C56C200231064;
					};
				};
			};
			buildConfigurationList = 02177C9B253C56C200231064 /* Build configuration list for PBXProject "Unitest iOS" */;
			compatibilityVersion = "Xcode 9.3";
			developmentRegion = en;
			hasScannedForEncodings = 0;
			knownRegions = (
				en,
				Base,
			);
			mainGroup = 02177C97253C56C200231064;
			productRefGroup = 02177CA1253C56C200231064 /* Products */;
			projectDirPath = "";
			projectRoot = "";
			targets = (
				02177C9F253C56C200231064 /* Unitest iOS */,
				02177CB5253C56C500231064 /* Unitest iOSTests */,
				02177CC0253C56C500231064 /* Unitest iOSUITests */,
			);
		};
/* End PBXProject section */

/* Begin PBXResourcesBuildPhase section */
		02177C9E253C56C200231064 /* Resources */ = {
			isa = PBXResourcesBuildPhase;
			buildActionMask = 2147483647;
			files = (
				02177CB0253C56C500231064 /* LaunchScreen.storyboard in Resources */,
				02177CAD253C56C500231064 /* Assets.xcassets in Resources */,
				02177CAB253C56C200231064 /* Main.storyboard in Resources */,
			);
			runOnlyForDeploymentPostprocessing = 0;
		};
		02177CB4253C56C500231064 /* Resources */ = {
			isa = PBXResourcesBuildPhase;
			buildActionMask = 2147483647;
			files = (
			);
			runOnlyForDeploymentPostprocessing = 0;
		};
		02177CBF253C56C500231064 /* Resources */ = {
			isa = PBXResourcesBuildPhase;
			buildActionMask = 2147483647;
			files = (
			);
			runOnlyForDeploymentPostprocessing = 0;
		};
/* End PBXResourcesBuildPhase section */

/* Begin PBXShellScriptBuildPhase section */
		25F33AEE8FB8B70999535F49 /* [CP] Check Pods Manifest.lock */ = {
			isa = PBXShellScriptBuildPhase;
			buildActionMask = 2147483647;
			files = (
			);
			inputFileListPaths = (
			);
			inputPaths = (
				"${PODS_PODFILE_DIR_PATH}/Podfile.lock",
				"${PODS_ROOT}/Manifest.lock",
			);
			name = "[CP] Check Pods Manifest.lock";
			outputFileListPaths = (
			);
			outputPaths = (
				"$(DERIVED_FILE_DIR)/Pods-Unitest iOS-checkManifestLockResult.txt",
			);
			runOnlyForDeploymentPostprocessing = 0;
			shellPath = /bin/sh;
			shellScript = "diff \"${PODS_PODFILE_DIR_PATH}/Podfile.lock\" \"${PODS_ROOT}/Manifest.lock\" > /dev/null\nif [ $? != 0 ] ; then\n    # print error to STDERR\n    echo \"error: The sandbox is not in sync with the Podfile.lock. Run 'pod install' or update your CocoaPods installation.\" >&2\n    exit 1\nfi\n# This output is used by Xcode 'outputs' to avoid re-running this script phase.\necho \"SUCCESS\" > \"${SCRIPT_OUTPUT_FILE_0}\"\n";
			showEnvVarsInLog = 0;
		};
		4E1CC4C3C18CB8E77218C26A /* [CP] Embed Pods Frameworks */ = {
			isa = PBXShellScriptBuildPhase;
			buildActionMask = 2147483647;
			files = (
			);
			inputFileListPaths = (
				"${PODS_ROOT}/Target Support Files/Pods-Unitest iOSTests/Pods-Unitest iOSTests-frameworks-${CONFIGURATION}-input-files.xcfilelist",
			);
			name = "[CP] Embed Pods Frameworks";
			outputFileListPaths = (
				"${PODS_ROOT}/Target Support Files/Pods-Unitest iOSTests/Pods-Unitest iOSTests-frameworks-${CONFIGURATION}-output-files.xcfilelist",
			);
			runOnlyForDeploymentPostprocessing = 0;
			shellPath = /bin/sh;
			shellScript = "\"${PODS_ROOT}/Target Support Files/Pods-Unitest iOSTests/Pods-Unitest iOSTests-frameworks.sh\"\n";
			showEnvVarsInLog = 0;
		};
		547C981DDB4DCA258BF7E25E /* [CP] Check Pods Manifest.lock */ = {
			isa = PBXShellScriptBuildPhase;
			buildActionMask = 2147483647;
			files = (
			);
			inputFileListPaths = (
			);
			inputPaths = (
				"${PODS_PODFILE_DIR_PATH}/Podfile.lock",
				"${PODS_ROOT}/Manifest.lock",
			);
			name = "[CP] Check Pods Manifest.lock";
			outputFileListPaths = (
			);
			outputPaths = (
				"$(DERIVED_FILE_DIR)/Pods-Unitest iOS-Unitest iOSUITests-checkManifestLockResult.txt",
			);
			runOnlyForDeploymentPostprocessing = 0;
			shellPath = /bin/sh;
			shellScript = "diff \"${PODS_PODFILE_DIR_PATH}/Podfile.lock\" \"${PODS_ROOT}/Manifest.lock\" > /dev/null\nif [ $? != 0 ] ; then\n    # print error to STDERR\n    echo \"error: The sandbox is not in sync with the Podfile.lock. Run 'pod install' or update your CocoaPods installation.\" >&2\n    exit 1\nfi\n# This output is used by Xcode 'outputs' to avoid re-running this script phase.\necho \"SUCCESS\" > \"${SCRIPT_OUTPUT_FILE_0}\"\n";
			showEnvVarsInLog = 0;
		};
		63B98F8CF309E2D89FC692BB /* [CP] Check Pods Manifest.lock */ = {
			isa = PBXShellScriptBuildPhase;
			buildActionMask = 2147483647;
			files = (
			);
			inputFileListPaths = (
			);
			inputPaths = (
				"${PODS_PODFILE_DIR_PATH}/Podfile.lock",
				"${PODS_ROOT}/Manifest.lock",
			);
			name = "[CP] Check Pods Manifest.lock";
			outputFileListPaths = (
			);
			outputPaths = (
				"$(DERIVED_FILE_DIR)/Pods-Unitest iOSTests-checkManifestLockResult.txt",
			);
			runOnlyForDeploymentPostprocessing = 0;
			shellPath = /bin/sh;
			shellScript = "diff \"${PODS_PODFILE_DIR_PATH}/Podfile.lock\" \"${PODS_ROOT}/Manifest.lock\" > /dev/null\nif [ $? != 0 ] ; then\n    # print error to STDERR\n    echo \"error: The sandbox is not in sync with the Podfile.lock. Run 'pod install' or update your CocoaPods installation.\" >&2\n    exit 1\nfi\n# This output is used by Xcode 'outputs' to avoid re-running this script phase.\necho \"SUCCESS\" > \"${SCRIPT_OUTPUT_FILE_0}\"\n";
			showEnvVarsInLog = 0;
		};
/* End PBXShellScriptBuildPhase section */

/* Begin PBXSourcesBuildPhase section */
		02177C9C253C56C200231064 /* Sources */ = {
			isa = PBXSourcesBuildPhase;
			buildActionMask = 2147483647;
			files = (
				02177CA8253C56C200231064 /* Validation.swift in Sources */,
				02177CA4253C56C200231064 /* AppDelegate.swift in Sources */,
				02177CA6253C56C200231064 /* SceneDelegate.swift in Sources */,
			);
			runOnlyForDeploymentPostprocessing = 0;
		};
		02177CB2253C56C500231064 /* Sources */ = {
			isa = PBXSourcesBuildPhase;
			buildActionMask = 2147483647;
			files = (
				02177CBB253C56C500231064 /* ReplaceOccurencesTests.swift in Sources */,
			);
			runOnlyForDeploymentPostprocessing = 0;
		};
		02177CBD253C56C500231064 /* Sources */ = {
			isa = PBXSourcesBuildPhase;
			buildActionMask = 2147483647;
			files = (
				02177CC6253C56C500231064 /* Unitest_iOSUITests.swift in Sources */,
			);
			runOnlyForDeploymentPostprocessing = 0;
		};
/* End PBXSourcesBuildPhase section */

/* Begin PBXTargetDependency section */
		02177CB8253C56C500231064 /* PBXTargetDependency */ = {
			isa = PBXTargetDependency;
			target = 02177C9F253C56C200231064 /* Unitest iOS */;
			targetProxy = 02177CB7253C56C500231064 /* PBXContainerItemProxy */;
		};
		02177CC3253C56C500231064 /* PBXTargetDependency */ = {
			isa = PBXTargetDependency;
			target = 02177C9F253C56C200231064 /* Unitest iOS */;
			targetProxy = 02177CC2253C56C500231064 /* PBXContainerItemProxy */;
		};
/* End PBXTargetDependency section */

/* Begin PBXVariantGroup section */
		02177CA9253C56C200231064 /* Main.storyboard */ = {
			isa = PBXVariantGroup;
			children = (
				02177CAA253C56C200231064 /* Base */,
			);
			name = Main.storyboard;
			sourceTree = "<group>";
		};
		02177CAE253C56C500231064 /* LaunchScreen.storyboard */ = {
			isa = PBXVariantGroup;
			children = (
				02177CAF253C56C500231064 /* Base */,
			);
			name = LaunchScreen.storyboard;
			sourceTree = "<group>";
		};
/* End PBXVariantGroup section */

/* Begin XCBuildConfiguration section */
		02177CC8253C56C500231064 /* Debug */ = {
			isa = XCBuildConfiguration;
			buildSettings = {
				ALWAYS_SEARCH_USER_PATHS = NO;
				CLANG_ANALYZER_NONNULL = YES;
				CLANG_ANALYZER_NUMBER_OBJECT_CONVERSION = YES_AGGRESSIVE;
				CLANG_CXX_LANGUAGE_STANDARD = "gnu++14";
				CLANG_CXX_LIBRARY = "libc++";
				CLANG_ENABLE_MODULES = YES;
				CLANG_ENABLE_OBJC_ARC = YES;
				CLANG_ENABLE_OBJC_WEAK = YES;
				CLANG_WARN_BLOCK_CAPTURE_AUTORELEASING = YES;
				CLANG_WARN_BOOL_CONVERSION = YES;
				CLANG_WARN_COMMA = YES;
				CLANG_WARN_CONSTANT_CONVERSION = YES;
				CLANG_WARN_DEPRECATED_OBJC_IMPLEMENTATIONS = YES;
				CLANG_WARN_DIRECT_OBJC_ISA_USAGE = YES_ERROR;
				CLANG_WARN_DOCUMENTATION_COMMENTS = YES;
				CLANG_WARN_EMPTY_BODY = YES;
				CLANG_WARN_ENUM_CONVERSION = YES;
				CLANG_WARN_INFINITE_RECURSION = YES;
				CLANG_WARN_INT_CONVERSION = YES;
				CLANG_WARN_NON_LITERAL_NULL_CONVERSION = YES;
				CLANG_WARN_OBJC_IMPLICIT_RETAIN_SELF = YES;
				CLANG_WARN_OBJC_LITERAL_CONVERSION = YES;
				CLANG_WARN_OBJC_ROOT_CLASS = YES_ERROR;
				CLANG_WARN_QUOTED_INCLUDE_IN_FRAMEWORK_HEADER = YES;
				CLANG_WARN_RANGE_LOOP_ANALYSIS = YES;
				CLANG_WARN_STRICT_PROTOTYPES = YES;
				CLANG_WARN_SUSPICIOUS_MOVE = YES;
				CLANG_WARN_UNGUARDED_AVAILABILITY = YES_AGGRESSIVE;
				CLANG_WARN_UNREACHABLE_CODE = YES;
				CLANG_WARN__DUPLICATE_METHOD_MATCH = YES;
				COPY_PHASE_STRIP = NO;
				DEBUG_INFORMATION_FORMAT = dwarf;
				ENABLE_STRICT_OBJC_MSGSEND = YES;
				ENABLE_TESTABILITY = YES;
				GCC_C_LANGUAGE_STANDARD = gnu11;
				GCC_DYNAMIC_NO_PIC = NO;
				GCC_NO_COMMON_BLOCKS = YES;
				GCC_OPTIMIZATION_LEVEL = 0;
				GCC_PREPROCESSOR_DEFINITIONS = (
					"DEBUG=1",
					"$(inherited)",
				);
				GCC_WARN_64_TO_32_BIT_CONVERSION = YES;
				GCC_WARN_ABOUT_RETURN_TYPE = YES_ERROR;
				GCC_WARN_UNDECLARED_SELECTOR = YES;
				GCC_WARN_UNINITIALIZED_AUTOS = YES_AGGRESSIVE;
				GCC_WARN_UNUSED_FUNCTION = YES;
				GCC_WARN_UNUSED_VARIABLE = YES;
				IPHONEOS_DEPLOYMENT_TARGET = 14.0;
				MTL_ENABLE_DEBUG_INFO = INCLUDE_SOURCE;
				MTL_FAST_MATH = YES;
				ONLY_ACTIVE_ARCH = YES;
				SDKROOT = iphoneos;
				SWIFT_ACTIVE_COMPILATION_CONDITIONS = DEBUG;
				SWIFT_OPTIMIZATION_LEVEL = "-Onone";
			};
			name = Debug;
		};
		02177CC9253C56C500231064 /* Release */ = {
			isa = XCBuildConfiguration;
			buildSettings = {
				ALWAYS_SEARCH_USER_PATHS = NO;
				CLANG_ANALYZER_NONNULL = YES;
				CLANG_ANALYZER_NUMBER_OBJECT_CONVERSION = YES_AGGRESSIVE;
				CLANG_CXX_LANGUAGE_STANDARD = "gnu++14";
				CLANG_CXX_LIBRARY = "libc++";
				CLANG_ENABLE_MODULES = YES;
				CLANG_ENABLE_OBJC_ARC = YES;
				CLANG_ENABLE_OBJC_WEAK = YES;
				CLANG_WARN_BLOCK_CAPTURE_AUTORELEASING = YES;
				CLANG_WARN_BOOL_CONVERSION = YES;
				CLANG_WARN_COMMA = YES;
				CLANG_WARN_CONSTANT_CONVERSION = YES;
				CLANG_WARN_DEPRECATED_OBJC_IMPLEMENTATIONS = YES;
				CLANG_WARN_DIRECT_OBJC_ISA_USAGE = YES_ERROR;
				CLANG_WARN_DOCUMENTATION_COMMENTS = YES;
				CLANG_WARN_EMPTY_BODY = YES;
				CLANG_WARN_ENUM_CONVERSION = YES;
				CLANG_WARN_INFINITE_RECURSION = YES;
				CLANG_WARN_INT_CONVERSION = YES;
				CLANG_WARN_NON_LITERAL_NULL_CONVERSION = YES;
				CLANG_WARN_OBJC_IMPLICIT_RETAIN_SELF = YES;
				CLANG_WARN_OBJC_LITERAL_CONVERSION = YES;
				CLANG_WARN_OBJC_ROOT_CLASS = YES_ERROR;
				CLANG_WARN_QUOTED_INCLUDE_IN_FRAMEWORK_HEADER = YES;
				CLANG_WARN_RANGE_LOOP_ANALYSIS = YES;
				CLANG_WARN_STRICT_PROTOTYPES = YES;
				CLANG_WARN_SUSPICIOUS_MOVE = YES;
				CLANG_WARN_UNGUARDED_AVAILABILITY = YES_AGGRESSIVE;
				CLANG_WARN_UNREACHABLE_CODE = YES;
				CLANG_WARN__DUPLICATE_METHOD_MATCH = YES;
				COPY_PHASE_STRIP = NO;
				DEBUG_INFORMATION_FORMAT = "dwarf-with-dsym";
				ENABLE_NS_ASSERTIONS = NO;
				ENABLE_STRICT_OBJC_MSGSEND = YES;
				GCC_C_LANGUAGE_STANDARD = gnu11;
				GCC_NO_COMMON_BLOCKS = YES;
				GCC_WARN_64_TO_32_BIT_CONVERSION = YES;
				GCC_WARN_ABOUT_RETURN_TYPE = YES_ERROR;
				GCC_WARN_UNDECLARED_SELECTOR = YES;
				GCC_WARN_UNINITIALIZED_AUTOS = YES_AGGRESSIVE;
				GCC_WARN_UNUSED_FUNCTION = YES;
				GCC_WARN_UNUSED_VARIABLE = YES;
				IPHONEOS_DEPLOYMENT_TARGET = 14.0;
				MTL_ENABLE_DEBUG_INFO = NO;
				MTL_FAST_MATH = YES;
				SDKROOT = iphoneos;
				SWIFT_COMPILATION_MODE = wholemodule;
				SWIFT_OPTIMIZATION_LEVEL = "-O";
				VALIDATE_PRODUCT = YES;
			};
			name = Release;
		};
		02177CCB253C56C500231064 /* Debug */ = {
			isa = XCBuildConfiguration;
			baseConfigurationReference = 6D6E07B873BE749FE35810AF /* Pods-Unitest iOS.debug.xcconfig */;
			buildSettings = {
				ASSETCATALOG_COMPILER_APPICON_NAME = AppIcon;
				ASSETCATALOG_COMPILER_GLOBAL_ACCENT_COLOR_NAME = AccentColor;
				CODE_SIGN_STYLE = Automatic;
				INFOPLIST_FILE = "Unitest iOS/Info.plist";
				LD_RUNPATH_SEARCH_PATHS = (
					"$(inherited)",
					"@executable_path/Frameworks",
				);
				PRODUCT_BUNDLE_IDENTIFIER = "com.Unitest-iOS";
				PRODUCT_NAME = "$(TARGET_NAME)";
				SWIFT_VERSION = 5.0;
				TARGETED_DEVICE_FAMILY = "1,2";
			};
			name = Debug;
		};
		02177CCC253C56C500231064 /* Release */ = {
			isa = XCBuildConfiguration;
			baseConfigurationReference = 794ED45CC85CCC18FA6A44BC /* Pods-Unitest iOS.release.xcconfig */;
			buildSettings = {
				ASSETCATALOG_COMPILER_APPICON_NAME = AppIcon;
				ASSETCATALOG_COMPILER_GLOBAL_ACCENT_COLOR_NAME = AccentColor;
				CODE_SIGN_STYLE = Automatic;
				INFOPLIST_FILE = "Unitest iOS/Info.plist";
				LD_RUNPATH_SEARCH_PATHS = (
					"$(inherited)",
					"@executable_path/Frameworks",
				);
				PRODUCT_BUNDLE_IDENTIFIER = "com.Unitest-iOS";
				PRODUCT_NAME = "$(TARGET_NAME)";
				SWIFT_VERSION = 5.0;
				TARGETED_DEVICE_FAMILY = "1,2";
			};
			name = Release;
		};
		02177CCE253C56C500231064 /* Debug */ = {
			isa = XCBuildConfiguration;
			baseConfigurationReference = B9345EEE6FC12886B1FD3390 /* Pods-Unitest iOSTests.debug.xcconfig */;
			buildSettings = {
				ALWAYS_EMBED_SWIFT_STANDARD_LIBRARIES = YES;
				BUNDLE_LOADER = "$(TEST_HOST)";
				CODE_SIGN_STYLE = Automatic;
				INFOPLIST_FILE = "Unitest iOSTests/Info.plist";
				IPHONEOS_DEPLOYMENT_TARGET = 14.0;
				LD_RUNPATH_SEARCH_PATHS = (
					"$(inherited)",
					"@executable_path/Frameworks",
					"@loader_path/Frameworks",
				);
				PRODUCT_BUNDLE_IDENTIFIER = "com.Unitest-iOSTests";
				PRODUCT_NAME = "$(TARGET_NAME)";
				SWIFT_VERSION = 5.0;
				TARGETED_DEVICE_FAMILY = "1,2";
				TEST_HOST = "$(BUILT_PRODUCTS_DIR)/Unitest iOS.app/Unitest iOS";
			};
			name = Debug;
		};
		02177CCF253C56C500231064 /* Release */ = {
			isa = XCBuildConfiguration;
			baseConfigurationReference = 07D545FFDD48297E075725A7 /* Pods-Unitest iOSTests.release.xcconfig */;
			buildSettings = {
				ALWAYS_EMBED_SWIFT_STANDARD_LIBRARIES = YES;
				BUNDLE_LOADER = "$(TEST_HOST)";
				CODE_SIGN_STYLE = Automatic;
				INFOPLIST_FILE = "Unitest iOSTests/Info.plist";
				IPHONEOS_DEPLOYMENT_TARGET = 14.0;
				LD_RUNPATH_SEARCH_PATHS = (
					"$(inherited)",
					"@executable_path/Frameworks",
					"@loader_path/Frameworks",
				);
				PRODUCT_BUNDLE_IDENTIFIER = "com.Unitest-iOSTests";
				PRODUCT_NAME = "$(TARGET_NAME)";
				SWIFT_VERSION = 5.0;
				TARGETED_DEVICE_FAMILY = "1,2";
				TEST_HOST = "$(BUILT_PRODUCTS_DIR)/Unitest iOS.app/Unitest iOS";
			};
			name = Release;
		};
		02177CD1253C56C500231064 /* Debug */ = {
			isa = XCBuildConfiguration;
			baseConfigurationReference = A75820F49B40C65430EBFF41 /* Pods-Unitest iOS-Unitest iOSUITests.debug.xcconfig */;
			buildSettings = {
				ALWAYS_EMBED_SWIFT_STANDARD_LIBRARIES = YES;
				CODE_SIGN_STYLE = Automatic;
				INFOPLIST_FILE = "Unitest iOSUITests/Info.plist";
				LD_RUNPATH_SEARCH_PATHS = (
					"$(inherited)",
					"@executable_path/Frameworks",
					"@loader_path/Frameworks",
				);
				PRODUCT_BUNDLE_IDENTIFIER = "com.Unitest-iOSUITests";
				PRODUCT_NAME = "$(TARGET_NAME)";
				SWIFT_VERSION = 5.0;
				TARGETED_DEVICE_FAMILY = "1,2";
				TEST_TARGET_NAME = "Unitest iOS";
			};
			name = Debug;
		};
		02177CD2253C56C500231064 /* Release */ = {
			isa = XCBuildConfiguration;
			baseConfigurationReference = 93B9D971A339CEB55C1F4D87 /* Pods-Unitest iOS-Unitest iOSUITests.release.xcconfig */;
			buildSettings = {
				ALWAYS_EMBED_SWIFT_STANDARD_LIBRARIES = YES;
				CODE_SIGN_STYLE = Automatic;
				INFOPLIST_FILE = "Unitest iOSUITests/Info.plist";
				LD_RUNPATH_SEARCH_PATHS = (
					"$(inherited)",
					"@executable_path/Frameworks",
					"@loader_path/Frameworks",
				);
				PRODUCT_BUNDLE_IDENTIFIER = "com.Unitest-iOSUITests";
				PRODUCT_NAME = "$(TARGET_NAME)";
				SWIFT_VERSION = 5.0;
				TARGETED_DEVICE_FAMILY = "1,2";
				TEST_TARGET_NAME = "Unitest iOS";
			};
			name = Release;
		};
/* End XCBuildConfiguration section */

/* Begin XCConfigurationList section */
		02177C9B253C56C200231064 /* Build configuration list for PBXProject "Unitest iOS" */ = {
			isa = XCConfigurationList;
			buildConfigurations = (
				02177CC8253C56C500231064 /* Debug */,
				02177CC9253C56C500231064 /* Release */,
			);
			defaultConfigurationIsVisible = 0;
			defaultConfigurationName = Release;
		};
		02177CCA253C56C500231064 /* Build configuration list for PBXNativeTarget "Unitest iOS" */ = {
			isa = XCConfigurationList;
			buildConfigurations = (
				02177CCB253C56C500231064 /* Debug */,
				02177CCC253C56C500231064 /* Release */,
			);
			defaultConfigurationIsVisible = 0;
			defaultConfigurationName = Release;
		};
		02177CCD253C56C500231064 /* Build configuration list for PBXNativeTarget "Unitest iOSTests" */ = {
			isa = XCConfigurationList;
			buildConfigurations = (
				02177CCE253C56C500231064 /* Debug */,
				02177CCF253C56C500231064 /* Release */,
			);
			defaultConfigurationIsVisible = 0;
			defaultConfigurationName = Release;
		};
		02177CD0253C56C500231064 /* Build configuration list for PBXNativeTarget "Unitest iOSUITests" */ = {
			isa = XCConfigurationList;
			buildConfigurations = (
				02177CD1253C56C500231064 /* Debug */,
				02177CD2253C56C500231064 /* Release */,
			);
			defaultConfigurationIsVisible = 0;
			defaultConfigurationName = Release;
		};
/* End XCConfigurationList section */
	};
	rootObject = 02177C98253C56C200231064 /* Project object */;
}
